github.com/EliCDavis/bitlib v1.0.0 h1:iMWUThiBzXnEQTAG3C5Mtjzfna8cpFhrmQylhWSJINM=
github.com/EliCDavis/bitlib v1.0.0/go.mod h1:B/mBEBsbOKSL85ELpHDmN1ncf1gO14Nrum184HWHcPQ=
github.com/EliCDavis/vector v1.5.0 h1:IE7Xco/V9S0inlIoIPu5J87Nnup9RJUEK/PiDLsueY8=
github.com/EliCDavis/vector v1.5.0/go.mod h1:A+Zf8tDKfocwQa9md33HsE53KclL7uayR/cKjKHUFSA=
